// !$*UTF8*$!
{
	archiveVersion = 1;
	classes = {
	};
	objectVersion = 54;
	objects = {

/* Begin PBXBuildFile section */
		3902C38327340BFB0088D04B /* ScanResultViewController.swift in Sources */ = {isa = PBXBuildFile; fileRef = 3902C38227340BFB0088D04B /* ScanResultViewController.swift */; };
		3907919A271DA7B100B4735B /* PetCollectionViewCell.swift in Sources */ = {isa = PBXBuildFile; fileRef = 39079199271DA7B100B4735B /* PetCollectionViewCell.swift */; };
		3907919D271DB56900B4735B /* UIFontExtension.swift in Sources */ = {isa = PBXBuildFile; fileRef = 3907919C271DB56900B4735B /* UIFontExtension.swift */; };
		3907919F271DB6A600B4735B /* UIColorExtension.swift in Sources */ = {isa = PBXBuildFile; fileRef = 3907919E271DB6A600B4735B /* UIColorExtension.swift */; };
		390791A3271E66E500B4735B /* BorderButton.swift in Sources */ = {isa = PBXBuildFile; fileRef = 390791A2271E66E400B4735B /* BorderButton.swift */; };
		390791A6271E78F800B4735B /* PetModel.swift in Sources */ = {isa = PBXBuildFile; fileRef = 390791A5271E78F800B4735B /* PetModel.swift */; };
		390791A8271E8C9900B4735B /* DataStructure.swift in Sources */ = {isa = PBXBuildFile; fileRef = 390791A7271E8C9900B4735B /* DataStructure.swift */; };
		390791AA271ECECA00B4735B /* CircleButton.swift in Sources */ = {isa = PBXBuildFile; fileRef = 390791A9271ECEC900B4735B /* CircleButton.swift */; };
		390791AC271ECF1E00B4735B /* IconButton.swift in Sources */ = {isa = PBXBuildFile; fileRef = 390791AB271ECF1E00B4735B /* IconButton.swift */; };
		390791AE271F008B00B4735B /* UIImageExtension.swift in Sources */ = {isa = PBXBuildFile; fileRef = 390791AD271F008B00B4735B /* UIImageExtension.swift */; };
		390791B0271FFB8900B4735B /* ProfileViewController.swift in Sources */ = {isa = PBXBuildFile; fileRef = 390791AF271FFB8900B4735B /* ProfileViewController.swift */; };
		390791B2271FFE4900B4735B /* NavigationBackgroundView.swift in Sources */ = {isa = PBXBuildFile; fileRef = 390791B1271FFE4900B4735B /* NavigationBackgroundView.swift */; };
		390791B62720138200B4735B /* NoBorderTextField.swift in Sources */ = {isa = PBXBuildFile; fileRef = 390791B52720138200B4735B /* NoBorderTextField.swift */; };
		3917612D27292E90007FC7C1 /* MedicalViewController.swift in Sources */ = {isa = PBXBuildFile; fileRef = 3917612C27292E90007FC7C1 /* MedicalViewController.swift */; };
		3917612F27294F43007FC7C1 /* MedicalTableViewCell.swift in Sources */ = {isa = PBXBuildFile; fileRef = 3917612E27294F43007FC7C1 /* MedicalTableViewCell.swift */; };
		3917613127298C28007FC7C1 /* BorderView.swift in Sources */ = {isa = PBXBuildFile; fileRef = 3917613027298C28007FC7C1 /* BorderView.swift */; };
		392B4746273A2F04001F203B /* lottieCongratulation.json in Resources */ = {isa = PBXBuildFile; fileRef = 392B4745273A2F04001F203B /* lottieCongratulation.json */; };
		392B4748273A4CE8001F203B /* DateExtension.swift in Sources */ = {isa = PBXBuildFile; fileRef = 392B4747273A4CE8001F203B /* DateExtension.swift */; };
		392B474A273A5B9A001F203B /* ToDoRecordViewController.swift in Sources */ = {isa = PBXBuildFile; fileRef = 392B4749273A5B9A001F203B /* ToDoRecordViewController.swift */; };
		392B474C273A9FC1001F203B /* DictionaryExtension.swift in Sources */ = {isa = PBXBuildFile; fileRef = 392B474B273A9FC1001F203B /* DictionaryExtension.swift */; };
		392B474E273BE067001F203B /* SettingViewController.swift in Sources */ = {isa = PBXBuildFile; fileRef = 392B474D273BE067001F203B /* SettingViewController.swift */; };
		392B4750273BFCF7001F203B /* SettingButton.swift in Sources */ = {isa = PBXBuildFile; fileRef = 392B474F273BFCF7001F203B /* SettingButton.swift */; };
		392B4752273C07A2001F203B /* ShadowView.swift in Sources */ = {isa = PBXBuildFile; fileRef = 392B4751273C07A2001F203B /* ShadowView.swift */; };
		392B4754273CB54B001F203B /* PrivacyPolicyViewController.swift in Sources */ = {isa = PBXBuildFile; fileRef = 392B4753273CB54A001F203B /* PrivacyPolicyViewController.swift */; };
		392B4756273CC2F8001F203B /* lottieLoading.json in Resources */ = {isa = PBXBuildFile; fileRef = 392B4755273CC2F8001F203B /* lottieLoading.json */; };
		392B4758273D5EB8001F203B /* Alert.swift in Sources */ = {isa = PBXBuildFile; fileRef = 392B4757273D5EB7001F203B /* Alert.swift */; };
		394A77192721D65700978254 /* SplashViewController.swift in Sources */ = {isa = PBXBuildFile; fileRef = 394A77182721D65700978254 /* SplashViewController.swift */; };
		394A771B2722990B00978254 /* ArrayExtension.swift in Sources */ = {isa = PBXBuildFile; fileRef = 394A771A2722990B00978254 /* ArrayExtension.swift */; };
		394A771D2722FE6C00978254 /* AddPetViewController.swift in Sources */ = {isa = PBXBuildFile; fileRef = 394A771C2722FE6C00978254 /* AddPetViewController.swift */; };
		394A771F272305B000978254 /* BlueBorderTextField.swift in Sources */ = {isa = PBXBuildFile; fileRef = 394A771E272305B000978254 /* BlueBorderTextField.swift */; };
		394A77212723067300978254 /* RoundButton.swift in Sources */ = {isa = PBXBuildFile; fileRef = 394A77202723067300978254 /* RoundButton.swift */; };
		395570FE27350188003AF098 /* lottieSuccess.json in Resources */ = {isa = PBXBuildFile; fileRef = 395570FD27350188003AF098 /* lottieSuccess.json */; };
		39557100273514CD003AF098 /* CardView.swift in Sources */ = {isa = PBXBuildFile; fileRef = 395570FF273514CD003AF098 /* CardView.swift */; };
		3955710227352BAB003AF098 /* MessageViewController.swift in Sources */ = {isa = PBXBuildFile; fileRef = 3955710127352BAB003AF098 /* MessageViewController.swift */; };
		3955710427353562003AF098 /* MessageTableViewCell.swift in Sources */ = {isa = PBXBuildFile; fileRef = 3955710327353562003AF098 /* MessageTableViewCell.swift */; };
		39558C9D2727CED900523D43 /* GetInvitationViewController.swift in Sources */ = {isa = PBXBuildFile; fileRef = 39558C9C2727CED900523D43 /* GetInvitationViewController.swift */; };
		39558C9F2728498A00523D43 /* LottieDone.json in Resources */ = {isa = PBXBuildFile; fileRef = 39558C9E2728498A00523D43 /* LottieDone.json */; };
		395D04AD27390AB70013AF9A /* ToDoTableViewCell.swift in Sources */ = {isa = PBXBuildFile; fileRef = 395D04AC27390AB70013AF9A /* ToDoTableViewCell.swift */; };
		395D04AF27391B9D0013AF9A /* ToDoManager.swift in Sources */ = {isa = PBXBuildFile; fileRef = 395D04AE27391B9D0013AF9A /* ToDoManager.swift */; };
		395FD0082720517A005911AA /* PetTableViewCell.swift in Sources */ = {isa = PBXBuildFile; fileRef = 395FD0072720517A005911AA /* PetTableViewCell.swift */; };
		395FD00A272052D8005911AA /* MediumLabel.swift in Sources */ = {isa = PBXBuildFile; fileRef = 395FD009272052D8005911AA /* MediumLabel.swift */; };
		395FD00C27213C3B005911AA /* RoundCornerImageView.swift in Sources */ = {isa = PBXBuildFile; fileRef = 395FD00B27213C3B005911AA /* RoundCornerImageView.swift */; };
		395FD00E27214AB6005911AA /* RegularLabel.swift in Sources */ = {isa = PBXBuildFile; fileRef = 395FD00D27214AB6005911AA /* RegularLabel.swift */; };
		395FD01027215D18005911AA /* MemberModel.swift in Sources */ = {isa = PBXBuildFile; fileRef = 395FD00F27215D18005911AA /* MemberModel.swift */; };
		3960E6B027414E81003E05FE /* BlueBorderTextView.swift in Sources */ = {isa = PBXBuildFile; fileRef = 3960E6AF27414E81003E05FE /* BlueBorderTextView.swift */; };
		39709FE227325F28001B29F3 /* UIViewExtension.swift in Sources */ = {isa = PBXBuildFile; fileRef = 39709FE127325F28001B29F3 /* UIViewExtension.swift */; };
		39709FE427326682001B29F3 /* TabBarViewController.swift in Sources */ = {isa = PBXBuildFile; fileRef = 39709FE327326682001B29F3 /* TabBarViewController.swift */; };
		39709FE627328340001B29F3 /* EmptyUserViewController.swift in Sources */ = {isa = PBXBuildFile; fileRef = 39709FE527328340001B29F3 /* EmptyUserViewController.swift */; };
		39709FE8273293B0001B29F3 /* EmptyPetViewController.swift in Sources */ = {isa = PBXBuildFile; fileRef = 39709FE7273293B0001B29F3 /* EmptyPetViewController.swift */; };
		39816073272D403B0033930D /* ToDoViewController.swift in Sources */ = {isa = PBXBuildFile; fileRef = 39816072272D403B0033930D /* ToDoViewController.swift */; };
		39816076272D7AB40033930D /* layingCat.json in Resources */ = {isa = PBXBuildFile; fileRef = 39816075272D7AB40033930D /* layingCat.json */; };
		39816078272D8BCE0033930D /* FoodViewController.swift in Sources */ = {isa = PBXBuildFile; fileRef = 39816077272D8BCE0033930D /* FoodViewController.swift */; };
		3981607A272D97C60033930D /* BorderSearchBar.swift in Sources */ = {isa = PBXBuildFile; fileRef = 39816079272D97C60033930D /* BorderSearchBar.swift */; };
		3981607C272D9ACB0033930D /* FoodTableViewCell.swift in Sources */ = {isa = PBXBuildFile; fileRef = 3981607B272D9ACB0033930D /* FoodTableViewCell.swift */; };
		3981607E272D9C920033930D /* DotView.swift in Sources */ = {isa = PBXBuildFile; fileRef = 3981607D272D9C920033930D /* DotView.swift */; };
		39816080272D9DA30033930D /* LineView.swift in Sources */ = {isa = PBXBuildFile; fileRef = 3981607F272D9DA30033930D /* LineView.swift */; };
		39840D2F272E9A19004BA4A2 /* FoodRecordViewController.swift in Sources */ = {isa = PBXBuildFile; fileRef = 39840D2E272E9A19004BA4A2 /* FoodRecordViewController.swift */; };
		39856C52273E59AA0071AE13 /* LottieWraper.swift in Sources */ = {isa = PBXBuildFile; fileRef = 39856C51273E59AA0071AE13 /* LottieWraper.swift */; };
		39856C54273E78F80071AE13 /* IconLabelVerticalStackView.swift in Sources */ = {isa = PBXBuildFile; fileRef = 39856C53273E78F80071AE13 /* IconLabelVerticalStackView.swift */; };
		39856C56273E7FC90071AE13 /* IconLabelHorizontalStackView.swift in Sources */ = {isa = PBXBuildFile; fileRef = 39856C55273E7FC90071AE13 /* IconLabelHorizontalStackView.swift */; };
		3988E26E272BE00600AACFD6 /* MedicalRecordViewController.swift in Sources */ = {isa = PBXBuildFile; fileRef = 3988E26D272BE00600AACFD6 /* MedicalRecordViewController.swift */; };
		39C6669E27267F4F00400C84 /* UITextFieldExtension.swift in Sources */ = {isa = PBXBuildFile; fileRef = 39C6669D27267F4F00400C84 /* UITextFieldExtension.swift */; };
		39C666A02726B30100400C84 /* InviteViewController.swift in Sources */ = {isa = PBXBuildFile; fileRef = 39C6669F2726B30100400C84 /* InviteViewController.swift */; };
		39EDD1A0271D126800B4DAFA /* AppDelegate.swift in Sources */ = {isa = PBXBuildFile; fileRef = 39EDD19F271D126800B4DAFA /* AppDelegate.swift */; };
		39EDD1A2271D126800B4DAFA /* SceneDelegate.swift in Sources */ = {isa = PBXBuildFile; fileRef = 39EDD1A1271D126800B4DAFA /* SceneDelegate.swift */; };
		39EDD1A4271D126800B4DAFA /* HomeViewController.swift in Sources */ = {isa = PBXBuildFile; fileRef = 39EDD1A3271D126800B4DAFA /* HomeViewController.swift */; };
		39EDD1A7271D126800B4DAFA /* Main.storyboard in Resources */ = {isa = PBXBuildFile; fileRef = 39EDD1A5271D126800B4DAFA /* Main.storyboard */; };
		39EDD1A9271D126E00B4DAFA /* Assets.xcassets in Resources */ = {isa = PBXBuildFile; fileRef = 39EDD1A8271D126E00B4DAFA /* Assets.xcassets */; };
		39EDD1AC271D126E00B4DAFA /* LaunchScreen.storyboard in Resources */ = {isa = PBXBuildFile; fileRef = 39EDD1AA271D126E00B4DAFA /* LaunchScreen.storyboard */; };
		550B01D5CC03E1AD2E031DEE /* Pods_toPether.framework in Frameworks */ = {isa = PBXBuildFile; fileRef = 63B99CE01AC999EEC3DFEE91 /* Pods_toPether.framework */; };
		CE8FEFB3272EE6BE00B47D38 /* CommonError.swift in Sources */ = {isa = PBXBuildFile; fileRef = CE8FEFB2272EE6BE00B47D38 /* CommonError.swift */; };
		CEDC483327359CBA00E5A95C /* GoogleService-Info.plist in Resources */ = {isa = PBXBuildFile; fileRef = CEDC483227359CBA00E5A95C /* GoogleService-Info.plist */; };
		CEDC48382736EF3F00E5A95C /* RightMessageTableViewCell.swift in Sources */ = {isa = PBXBuildFile; fileRef = CEDC48372736EF3F00E5A95C /* RightMessageTableViewCell.swift */; };
		CEDC483B2736EF4C00E5A95C /* LeftMessageTableViewCell.swift in Sources */ = {isa = PBXBuildFile; fileRef = CEDC483A2736EF4C00E5A95C /* LeftMessageTableViewCell.swift */; };
/* End PBXBuildFile section */

/* Begin PBXFileReference section */
		076CC5441B53CD574C0E3B0A /* Pods-toPether.debug.xcconfig */ = {isa = PBXFileReference; includeInIndex = 1; lastKnownFileType = text.xcconfig; name = "Pods-toPether.debug.xcconfig"; path = "Target Support Files/Pods-toPether/Pods-toPether.debug.xcconfig"; sourceTree = "<group>"; };
		3902C38227340BFB0088D04B /* ScanResultViewController.swift */ = {isa = PBXFileReference; lastKnownFileType = sourcecode.swift; path = ScanResultViewController.swift; sourceTree = "<group>"; };
		39079199271DA7B100B4735B /* PetCollectionViewCell.swift */ = {isa = PBXFileReference; lastKnownFileType = sourcecode.swift; path = PetCollectionViewCell.swift; sourceTree = "<group>"; };
		3907919C271DB56900B4735B /* UIFontExtension.swift */ = {isa = PBXFileReference; lastKnownFileType = sourcecode.swift; path = UIFontExtension.swift; sourceTree = "<group>"; };
		3907919E271DB6A600B4735B /* UIColorExtension.swift */ = {isa = PBXFileReference; lastKnownFileType = sourcecode.swift; path = UIColorExtension.swift; sourceTree = "<group>"; };
		390791A2271E66E400B4735B /* BorderButton.swift */ = {isa = PBXFileReference; lastKnownFileType = sourcecode.swift; path = BorderButton.swift; sourceTree = "<group>"; };
		390791A5271E78F800B4735B /* PetModel.swift */ = {isa = PBXFileReference; lastKnownFileType = sourcecode.swift; path = PetModel.swift; sourceTree = "<group>"; };
		390791A7271E8C9900B4735B /* DataStructure.swift */ = {isa = PBXFileReference; lastKnownFileType = sourcecode.swift; path = DataStructure.swift; sourceTree = "<group>"; };
		390791A9271ECEC900B4735B /* CircleButton.swift */ = {isa = PBXFileReference; lastKnownFileType = sourcecode.swift; path = CircleButton.swift; sourceTree = "<group>"; };
		390791AB271ECF1E00B4735B /* IconButton.swift */ = {isa = PBXFileReference; lastKnownFileType = sourcecode.swift; path = IconButton.swift; sourceTree = "<group>"; };
		390791AD271F008B00B4735B /* UIImageExtension.swift */ = {isa = PBXFileReference; lastKnownFileType = sourcecode.swift; path = UIImageExtension.swift; sourceTree = "<group>"; };
		390791AF271FFB8900B4735B /* ProfileViewController.swift */ = {isa = PBXFileReference; lastKnownFileType = sourcecode.swift; path = ProfileViewController.swift; sourceTree = "<group>"; };
		390791B1271FFE4900B4735B /* NavigationBackgroundView.swift */ = {isa = PBXFileReference; lastKnownFileType = sourcecode.swift; path = NavigationBackgroundView.swift; sourceTree = "<group>"; };
		390791B52720138200B4735B /* NoBorderTextField.swift */ = {isa = PBXFileReference; lastKnownFileType = sourcecode.swift; path = NoBorderTextField.swift; sourceTree = "<group>"; };
		3917612C27292E90007FC7C1 /* MedicalViewController.swift */ = {isa = PBXFileReference; lastKnownFileType = sourcecode.swift; path = MedicalViewController.swift; sourceTree = "<group>"; };
		3917612E27294F43007FC7C1 /* MedicalTableViewCell.swift */ = {isa = PBXFileReference; lastKnownFileType = sourcecode.swift; path = MedicalTableViewCell.swift; sourceTree = "<group>"; };
		3917613027298C28007FC7C1 /* BorderView.swift */ = {isa = PBXFileReference; lastKnownFileType = sourcecode.swift; path = BorderView.swift; sourceTree = "<group>"; };
		392B4745273A2F04001F203B /* lottieCongratulation.json */ = {isa = PBXFileReference; fileEncoding = 4; lastKnownFileType = text.json; path = lottieCongratulation.json; sourceTree = "<group>"; };
		392B4747273A4CE8001F203B /* DateExtension.swift */ = {isa = PBXFileReference; lastKnownFileType = sourcecode.swift; path = DateExtension.swift; sourceTree = "<group>"; };
		392B4749273A5B9A001F203B /* ToDoRecordViewController.swift */ = {isa = PBXFileReference; lastKnownFileType = sourcecode.swift; path = ToDoRecordViewController.swift; sourceTree = "<group>"; };
		392B474B273A9FC1001F203B /* DictionaryExtension.swift */ = {isa = PBXFileReference; lastKnownFileType = sourcecode.swift; path = DictionaryExtension.swift; sourceTree = "<group>"; };
		392B474D273BE067001F203B /* SettingViewController.swift */ = {isa = PBXFileReference; lastKnownFileType = sourcecode.swift; path = SettingViewController.swift; sourceTree = "<group>"; };
		392B474F273BFCF7001F203B /* SettingButton.swift */ = {isa = PBXFileReference; lastKnownFileType = sourcecode.swift; path = SettingButton.swift; sourceTree = "<group>"; };
		392B4751273C07A2001F203B /* ShadowView.swift */ = {isa = PBXFileReference; lastKnownFileType = sourcecode.swift; path = ShadowView.swift; sourceTree = "<group>"; };
		392B4753273CB54A001F203B /* PrivacyPolicyViewController.swift */ = {isa = PBXFileReference; lastKnownFileType = sourcecode.swift; path = PrivacyPolicyViewController.swift; sourceTree = "<group>"; };
		392B4755273CC2F8001F203B /* lottieLoading.json */ = {isa = PBXFileReference; fileEncoding = 4; lastKnownFileType = text.json; path = lottieLoading.json; sourceTree = "<group>"; };
		392B4757273D5EB7001F203B /* Alert.swift */ = {isa = PBXFileReference; lastKnownFileType = sourcecode.swift; path = Alert.swift; sourceTree = "<group>"; };
		394A77182721D65700978254 /* SplashViewController.swift */ = {isa = PBXFileReference; lastKnownFileType = sourcecode.swift; path = SplashViewController.swift; sourceTree = "<group>"; };
		394A771A2722990B00978254 /* ArrayExtension.swift */ = {isa = PBXFileReference; lastKnownFileType = sourcecode.swift; path = ArrayExtension.swift; sourceTree = "<group>"; };
		394A771C2722FE6C00978254 /* AddPetViewController.swift */ = {isa = PBXFileReference; lastKnownFileType = sourcecode.swift; path = AddPetViewController.swift; sourceTree = "<group>"; };
		394A771E272305B000978254 /* BlueBorderTextField.swift */ = {isa = PBXFileReference; lastKnownFileType = sourcecode.swift; path = BlueBorderTextField.swift; sourceTree = "<group>"; };
		394A77202723067300978254 /* RoundButton.swift */ = {isa = PBXFileReference; lastKnownFileType = sourcecode.swift; path = RoundButton.swift; sourceTree = "<group>"; };
		395570FD27350188003AF098 /* lottieSuccess.json */ = {isa = PBXFileReference; fileEncoding = 4; lastKnownFileType = text.json; path = lottieSuccess.json; sourceTree = "<group>"; };
		395570FF273514CD003AF098 /* CardView.swift */ = {isa = PBXFileReference; lastKnownFileType = sourcecode.swift; path = CardView.swift; sourceTree = "<group>"; };
		3955710127352BAB003AF098 /* MessageViewController.swift */ = {isa = PBXFileReference; lastKnownFileType = sourcecode.swift; path = MessageViewController.swift; sourceTree = "<group>"; };
		3955710327353562003AF098 /* MessageTableViewCell.swift */ = {isa = PBXFileReference; lastKnownFileType = sourcecode.swift; path = MessageTableViewCell.swift; sourceTree = "<group>"; };
		39558C9C2727CED900523D43 /* GetInvitationViewController.swift */ = {isa = PBXFileReference; lastKnownFileType = sourcecode.swift; path = GetInvitationViewController.swift; sourceTree = "<group>"; };
		39558C9E2728498A00523D43 /* LottieDone.json */ = {isa = PBXFileReference; fileEncoding = 4; lastKnownFileType = text.json; path = LottieDone.json; sourceTree = "<group>"; };
		395D04AC27390AB70013AF9A /* ToDoTableViewCell.swift */ = {isa = PBXFileReference; lastKnownFileType = sourcecode.swift; path = ToDoTableViewCell.swift; sourceTree = "<group>"; };
		395D04AE27391B9D0013AF9A /* ToDoManager.swift */ = {isa = PBXFileReference; lastKnownFileType = sourcecode.swift; path = ToDoManager.swift; sourceTree = "<group>"; };
		395FD0072720517A005911AA /* PetTableViewCell.swift */ = {isa = PBXFileReference; lastKnownFileType = sourcecode.swift; path = PetTableViewCell.swift; sourceTree = "<group>"; };
		395FD009272052D8005911AA /* MediumLabel.swift */ = {isa = PBXFileReference; lastKnownFileType = sourcecode.swift; path = MediumLabel.swift; sourceTree = "<group>"; };
		395FD00B27213C3B005911AA /* RoundCornerImageView.swift */ = {isa = PBXFileReference; lastKnownFileType = sourcecode.swift; path = RoundCornerImageView.swift; sourceTree = "<group>"; };
		395FD00D27214AB6005911AA /* RegularLabel.swift */ = {isa = PBXFileReference; lastKnownFileType = sourcecode.swift; path = RegularLabel.swift; sourceTree = "<group>"; };
		395FD00F27215D18005911AA /* MemberModel.swift */ = {isa = PBXFileReference; lastKnownFileType = sourcecode.swift; path = MemberModel.swift; sourceTree = "<group>"; };
		3960E6AF27414E81003E05FE /* BlueBorderTextView.swift */ = {isa = PBXFileReference; lastKnownFileType = sourcecode.swift; path = BlueBorderTextView.swift; sourceTree = "<group>"; };
		39709FE127325F28001B29F3 /* UIViewExtension.swift */ = {isa = PBXFileReference; lastKnownFileType = sourcecode.swift; path = UIViewExtension.swift; sourceTree = "<group>"; };
		39709FE327326682001B29F3 /* TabBarViewController.swift */ = {isa = PBXFileReference; lastKnownFileType = sourcecode.swift; path = TabBarViewController.swift; sourceTree = "<group>"; };
		39709FE527328340001B29F3 /* EmptyUserViewController.swift */ = {isa = PBXFileReference; lastKnownFileType = sourcecode.swift; path = EmptyUserViewController.swift; sourceTree = "<group>"; };
		39709FE7273293B0001B29F3 /* EmptyPetViewController.swift */ = {isa = PBXFileReference; lastKnownFileType = sourcecode.swift; path = EmptyPetViewController.swift; sourceTree = "<group>"; };
		39816072272D403B0033930D /* ToDoViewController.swift */ = {isa = PBXFileReference; lastKnownFileType = sourcecode.swift; path = ToDoViewController.swift; sourceTree = "<group>"; };
		39816075272D7AB40033930D /* layingCat.json */ = {isa = PBXFileReference; fileEncoding = 4; lastKnownFileType = text.json; path = layingCat.json; sourceTree = "<group>"; };
		39816077272D8BCE0033930D /* FoodViewController.swift */ = {isa = PBXFileReference; lastKnownFileType = sourcecode.swift; path = FoodViewController.swift; sourceTree = "<group>"; };
		39816079272D97C60033930D /* BorderSearchBar.swift */ = {isa = PBXFileReference; lastKnownFileType = sourcecode.swift; path = BorderSearchBar.swift; sourceTree = "<group>"; };
		3981607B272D9ACB0033930D /* FoodTableViewCell.swift */ = {isa = PBXFileReference; lastKnownFileType = sourcecode.swift; path = FoodTableViewCell.swift; sourceTree = "<group>"; };
		3981607D272D9C920033930D /* DotView.swift */ = {isa = PBXFileReference; lastKnownFileType = sourcecode.swift; path = DotView.swift; sourceTree = "<group>"; };
		3981607F272D9DA30033930D /* LineView.swift */ = {isa = PBXFileReference; lastKnownFileType = sourcecode.swift; path = LineView.swift; sourceTree = "<group>"; };
		39840D2E272E9A19004BA4A2 /* FoodRecordViewController.swift */ = {isa = PBXFileReference; lastKnownFileType = sourcecode.swift; path = FoodRecordViewController.swift; sourceTree = "<group>"; };
		39840D3027311A3C004BA4A2 /* toPether.entitlements */ = {isa = PBXFileReference; lastKnownFileType = text.plist.entitlements; path = toPether.entitlements; sourceTree = "<group>"; };
		39856C51273E59AA0071AE13 /* LottieWraper.swift */ = {isa = PBXFileReference; lastKnownFileType = sourcecode.swift; path = LottieWraper.swift; sourceTree = "<group>"; };
		39856C53273E78F80071AE13 /* IconLabelVerticalStackView.swift */ = {isa = PBXFileReference; lastKnownFileType = sourcecode.swift; path = IconLabelVerticalStackView.swift; sourceTree = "<group>"; };
		39856C55273E7FC90071AE13 /* IconLabelHorizontalStackView.swift */ = {isa = PBXFileReference; lastKnownFileType = sourcecode.swift; path = IconLabelHorizontalStackView.swift; sourceTree = "<group>"; };
		3988E26D272BE00600AACFD6 /* MedicalRecordViewController.swift */ = {isa = PBXFileReference; lastKnownFileType = sourcecode.swift; path = MedicalRecordViewController.swift; sourceTree = "<group>"; };
		39C6669D27267F4F00400C84 /* UITextFieldExtension.swift */ = {isa = PBXFileReference; lastKnownFileType = sourcecode.swift; path = UITextFieldExtension.swift; sourceTree = "<group>"; };
		39C6669F2726B30100400C84 /* InviteViewController.swift */ = {isa = PBXFileReference; lastKnownFileType = sourcecode.swift; path = InviteViewController.swift; sourceTree = "<group>"; };
		39EDD19C271D126800B4DAFA /* toPether.app */ = {isa = PBXFileReference; explicitFileType = wrapper.application; includeInIndex = 0; path = toPether.app; sourceTree = BUILT_PRODUCTS_DIR; };
		39EDD19F271D126800B4DAFA /* AppDelegate.swift */ = {isa = PBXFileReference; lastKnownFileType = sourcecode.swift; path = AppDelegate.swift; sourceTree = "<group>"; };
		39EDD1A1271D126800B4DAFA /* SceneDelegate.swift */ = {isa = PBXFileReference; lastKnownFileType = sourcecode.swift; path = SceneDelegate.swift; sourceTree = "<group>"; };
		39EDD1A3271D126800B4DAFA /* HomeViewController.swift */ = {isa = PBXFileReference; lastKnownFileType = sourcecode.swift; path = HomeViewController.swift; sourceTree = "<group>"; };
		39EDD1A6271D126800B4DAFA /* Base */ = {isa = PBXFileReference; lastKnownFileType = file.storyboard; name = Base; path = Base.lproj/Main.storyboard; sourceTree = "<group>"; };
		39EDD1A8271D126E00B4DAFA /* Assets.xcassets */ = {isa = PBXFileReference; lastKnownFileType = folder.assetcatalog; path = Assets.xcassets; sourceTree = "<group>"; };
		39EDD1AB271D126E00B4DAFA /* Base */ = {isa = PBXFileReference; lastKnownFileType = file.storyboard; name = Base; path = Base.lproj/LaunchScreen.storyboard; sourceTree = "<group>"; };
		39EDD1AD271D126E00B4DAFA /* Info.plist */ = {isa = PBXFileReference; lastKnownFileType = text.plist; name = Info.plist; path = ../Info.plist; sourceTree = "<group>"; };
		63B99CE01AC999EEC3DFEE91 /* Pods_toPether.framework */ = {isa = PBXFileReference; explicitFileType = wrapper.framework; includeInIndex = 0; path = Pods_toPether.framework; sourceTree = BUILT_PRODUCTS_DIR; };
		86B032B6F1632538B00A3A4C /* Pods-toPether.release.xcconfig */ = {isa = PBXFileReference; includeInIndex = 1; lastKnownFileType = text.xcconfig; name = "Pods-toPether.release.xcconfig"; path = "Target Support Files/Pods-toPether/Pods-toPether.release.xcconfig"; sourceTree = "<group>"; };
		CE8FEFB2272EE6BE00B47D38 /* CommonError.swift */ = {isa = PBXFileReference; lastKnownFileType = sourcecode.swift; path = CommonError.swift; sourceTree = "<group>"; };
		CEDC483227359CBA00E5A95C /* GoogleService-Info.plist */ = {isa = PBXFileReference; fileEncoding = 4; lastKnownFileType = text.plist.xml; path = "GoogleService-Info.plist"; sourceTree = "<group>"; };
		CEDC48372736EF3F00E5A95C /* RightMessageTableViewCell.swift */ = {isa = PBXFileReference; lastKnownFileType = sourcecode.swift; path = RightMessageTableViewCell.swift; sourceTree = "<group>"; };
		CEDC483A2736EF4C00E5A95C /* LeftMessageTableViewCell.swift */ = {isa = PBXFileReference; lastKnownFileType = sourcecode.swift; path = LeftMessageTableViewCell.swift; sourceTree = "<group>"; };
/* End PBXFileReference section */

/* Begin PBXFrameworksBuildPhase section */
		39EDD199271D126800B4DAFA /* Frameworks */ = {
			isa = PBXFrameworksBuildPhase;
			buildActionMask = 2147483647;
			files = (
				550B01D5CC03E1AD2E031DEE /* Pods_toPether.framework in Frameworks */,
			);
			runOnlyForDeploymentPostprocessing = 0;
		};
/* End PBXFrameworksBuildPhase section */

/* Begin PBXGroup section */
		0D1B18A16D4505D204E2B1F9 /* Frameworks */ = {
			isa = PBXGroup;
			children = (
				63B99CE01AC999EEC3DFEE91 /* Pods_toPether.framework */,
			);
			name = Frameworks;
			sourceTree = "<group>";
		};
		390778E2271D70B700B4735B /* Resource */ = {
			isa = PBXGroup;
			children = (
				392B4755273CC2F8001F203B /* lottieLoading.json */,
				392B4745273A2F04001F203B /* lottieCongratulation.json */,
				395570FD27350188003AF098 /* lottieSuccess.json */,
				39816075272D7AB40033930D /* layingCat.json */,
				39558C9E2728498A00523D43 /* LottieDone.json */,
				CEDC483227359CBA00E5A95C /* GoogleService-Info.plist */,
				39EDD1A8271D126E00B4DAFA /* Assets.xcassets */,
				39EDD19F271D126800B4DAFA /* AppDelegate.swift */,
				39EDD1A1271D126800B4DAFA /* SceneDelegate.swift */,
				39EDD1A5271D126800B4DAFA /* Main.storyboard */,
				39EDD1AA271D126E00B4DAFA /* LaunchScreen.storyboard */,
				39EDD1AD271D126E00B4DAFA /* Info.plist */,
			);
			path = Resource;
			sourceTree = "<group>";
		};
		39079194271D715700B4735B /* Controller */ = {
			isa = PBXGroup;
			children = (
				3988E26B272BDA1A00AACFD6 /* Home */,
				3988E26C272BDA2C00AACFD6 /* Profile */,
				39816074272D40400033930D /* ToDo */,
				394A77182721D65700978254 /* SplashViewController.swift */,
				39709FE327326682001B29F3 /* TabBarViewController.swift */,
				39709FE527328340001B29F3 /* EmptyUserViewController.swift */,
				39709FE7273293B0001B29F3 /* EmptyPetViewController.swift */,
			);
			path = Controller;
			sourceTree = "<group>";
		};
		39079195271D7D2100B4735B /* UIObjects */ = {
			isa = PBXGroup;
			children = (
				390791A2271E66E400B4735B /* BorderButton.swift */,
				392B474F273BFCF7001F203B /* SettingButton.swift */,
				390791AB271ECF1E00B4735B /* IconButton.swift */,
				390791A9271ECEC900B4735B /* CircleButton.swift */,
				394A77202723067300978254 /* RoundButton.swift */,
				390791B52720138200B4735B /* NoBorderTextField.swift */,
				394A771E272305B000978254 /* BlueBorderTextField.swift */,
				395FD009272052D8005911AA /* MediumLabel.swift */,
				395FD00D27214AB6005911AA /* RegularLabel.swift */,
				395FD00B27213C3B005911AA /* RoundCornerImageView.swift */,
				390791B1271FFE4900B4735B /* NavigationBackgroundView.swift */,
				3917613027298C28007FC7C1 /* BorderView.swift */,
				39816079272D97C60033930D /* BorderSearchBar.swift */,
				3981607D272D9C920033930D /* DotView.swift */,
				3981607F272D9DA30033930D /* LineView.swift */,
				395570FF273514CD003AF098 /* CardView.swift */,
				392B4751273C07A2001F203B /* ShadowView.swift */,
				392B4757273D5EB7001F203B /* Alert.swift */,
				39856C53273E78F80071AE13 /* IconLabelVerticalStackView.swift */,
				39856C55273E7FC90071AE13 /* IconLabelHorizontalStackView.swift */,
				3960E6AF27414E81003E05FE /* BlueBorderTextView.swift */,
			);
			path = UIObjects;
			sourceTree = "<group>";
		};
		39079198271DA78000B4735B /* View */ = {
			isa = PBXGroup;
			children = (
				39079199271DA7B100B4735B /* PetCollectionViewCell.swift */,
				395FD0072720517A005911AA /* PetTableViewCell.swift */,
				3917612E27294F43007FC7C1 /* MedicalTableViewCell.swift */,
				3981607B272D9ACB0033930D /* FoodTableViewCell.swift */,
				3955710327353562003AF098 /* MessageTableViewCell.swift */,
				CEDC48372736EF3F00E5A95C /* RightMessageTableViewCell.swift */,
				CEDC483A2736EF4C00E5A95C /* LeftMessageTableViewCell.swift */,
				395D04AC27390AB70013AF9A /* ToDoTableViewCell.swift */,
			);
			path = View;
			sourceTree = "<group>";
		};
		3907919B271DB54800B4735B /* Extension */ = {
			isa = PBXGroup;
			children = (
				3907919C271DB56900B4735B /* UIFontExtension.swift */,
				3907919E271DB6A600B4735B /* UIColorExtension.swift */,
				390791AD271F008B00B4735B /* UIImageExtension.swift */,
				394A771A2722990B00978254 /* ArrayExtension.swift */,
				39C6669D27267F4F00400C84 /* UITextFieldExtension.swift */,
				39709FE127325F28001B29F3 /* UIViewExtension.swift */,
				392B4747273A4CE8001F203B /* DateExtension.swift */,
				392B474B273A9FC1001F203B /* DictionaryExtension.swift */,
			);
			path = Extension;
			sourceTree = "<group>";
		};
		390791A4271E78C400B4735B /* Model */ = {
			isa = PBXGroup;
			children = (
				390791A5271E78F800B4735B /* PetModel.swift */,
				395FD00F27215D18005911AA /* MemberModel.swift */,
				395D04AE27391B9D0013AF9A /* ToDoManager.swift */,
				390791A7271E8C9900B4735B /* DataStructure.swift */,
				CE8FEFB2272EE6BE00B47D38 /* CommonError.swift */,
			);
			path = Model;
			sourceTree = "<group>";
		};
		39816074272D40400033930D /* ToDo */ = {
			isa = PBXGroup;
			children = (
				39816072272D403B0033930D /* ToDoViewController.swift */,
				392B4749273A5B9A001F203B /* ToDoRecordViewController.swift */,
			);
			path = ToDo;
			sourceTree = "<group>";
		};
		39856C50273E598A0071AE13 /* Third party wraper */ = {
			isa = PBXGroup;
			children = (
				39856C51273E59AA0071AE13 /* LottieWraper.swift */,
			);
			path = "Third party wraper";
			sourceTree = "<group>";
		};
		3988E26B272BDA1A00AACFD6 /* Home */ = {
			isa = PBXGroup;
			children = (
				39EDD1A3271D126800B4DAFA /* HomeViewController.swift */,
				3917612C27292E90007FC7C1 /* MedicalViewController.swift */,
				3988E26D272BE00600AACFD6 /* MedicalRecordViewController.swift */,
				39C6669F2726B30100400C84 /* InviteViewController.swift */,
				39816077272D8BCE0033930D /* FoodViewController.swift */,
				39840D2E272E9A19004BA4A2 /* FoodRecordViewController.swift */,
				3902C38227340BFB0088D04B /* ScanResultViewController.swift */,
				3955710127352BAB003AF098 /* MessageViewController.swift */,
			);
			path = Home;
			sourceTree = "<group>";
		};
		3988E26C272BDA2C00AACFD6 /* Profile */ = {
			isa = PBXGroup;
			children = (
				39558C9C2727CED900523D43 /* GetInvitationViewController.swift */,
				394A771C2722FE6C00978254 /* AddPetViewController.swift */,
				390791AF271FFB8900B4735B /* ProfileViewController.swift */,
				392B474D273BE067001F203B /* SettingViewController.swift */,
				392B4753273CB54A001F203B /* PrivacyPolicyViewController.swift */,
			);
			path = Profile;
			sourceTree = "<group>";
		};
		39EDD193271D126800B4DAFA = {
			isa = PBXGroup;
			children = (
				39EDD19E271D126800B4DAFA /* toPether */,
				39EDD19D271D126800B4DAFA /* Products */,
				B64BFF78F2BA81C79BA05FB5 /* Pods */,
				0D1B18A16D4505D204E2B1F9 /* Frameworks */,
			);
			sourceTree = "<group>";
		};
		39EDD19D271D126800B4DAFA /* Products */ = {
			isa = PBXGroup;
			children = (
				39EDD19C271D126800B4DAFA /* toPether.app */,
			);
			name = Products;
			sourceTree = "<group>";
		};
		39EDD19E271D126800B4DAFA /* toPether */ = {
			isa = PBXGroup;
			children = (
				39840D3027311A3C004BA4A2 /* toPether.entitlements */,
				39856C50273E598A0071AE13 /* Third party wraper */,
				3907919B271DB54800B4735B /* Extension */,
				390791A4271E78C400B4735B /* Model */,
				39079198271DA78000B4735B /* View */,
				39079194271D715700B4735B /* Controller */,
				39079195271D7D2100B4735B /* UIObjects */,
				390778E2271D70B700B4735B /* Resource */,
			);
			path = toPether;
			sourceTree = "<group>";
		};
		B64BFF78F2BA81C79BA05FB5 /* Pods */ = {
			isa = PBXGroup;
			children = (
				076CC5441B53CD574C0E3B0A /* Pods-toPether.debug.xcconfig */,
				86B032B6F1632538B00A3A4C /* Pods-toPether.release.xcconfig */,
			);
			path = Pods;
			sourceTree = "<group>";
		};
/* End PBXGroup section */

/* Begin PBXNativeTarget section */
		39EDD19B271D126800B4DAFA /* toPether */ = {
			isa = PBXNativeTarget;
			buildConfigurationList = 39EDD1B0271D126E00B4DAFA /* Build configuration list for PBXNativeTarget "toPether" */;
			buildPhases = (
				1C9B41A4578B6B83111E4EC4 /* [CP] Check Pods Manifest.lock */,
				39EDD198271D126800B4DAFA /* Sources */,
				39EDD199271D126800B4DAFA /* Frameworks */,
				39EDD19A271D126800B4DAFA /* Resources */,
				390778E1271D1FC300B4735B /* Run Script */,
				5C13F179D6AAAB652C7590F5 /* [CP] Embed Pods Frameworks */,
			);
			buildRules = (
			);
			dependencies = (
			);
			name = toPether;
			productName = toPether;
			productReference = 39EDD19C271D126800B4DAFA /* toPether.app */;
			productType = "com.apple.product-type.application";
		};
/* End PBXNativeTarget section */

/* Begin PBXProject section */
		39EDD194271D126800B4DAFA /* Project object */ = {
			isa = PBXProject;
			attributes = {
				BuildIndependentTargetsInParallel = 1;
				LastSwiftUpdateCheck = 1300;
				LastUpgradeCheck = 1300;
				TargetAttributes = {
					39EDD19B271D126800B4DAFA = {
						CreatedOnToolsVersion = 13.0;
					};
				};
			};
			buildConfigurationList = 39EDD197271D126800B4DAFA /* Build configuration list for PBXProject "toPether" */;
			compatibilityVersion = "Xcode 12.0";
			developmentRegion = en;
			hasScannedForEncodings = 0;
			knownRegions = (
				en,
				Base,
			);
			mainGroup = 39EDD193271D126800B4DAFA;
			productRefGroup = 39EDD19D271D126800B4DAFA /* Products */;
			projectDirPath = "";
			projectRoot = "";
			targets = (
				39EDD19B271D126800B4DAFA /* toPether */,
			);
		};
/* End PBXProject section */

/* Begin PBXResourcesBuildPhase section */
		39EDD19A271D126800B4DAFA /* Resources */ = {
			isa = PBXResourcesBuildPhase;
			buildActionMask = 2147483647;
			files = (
				39EDD1AC271D126E00B4DAFA /* LaunchScreen.storyboard in Resources */,
				39EDD1A9271D126E00B4DAFA /* Assets.xcassets in Resources */,
				39EDD1A7271D126800B4DAFA /* Main.storyboard in Resources */,
				392B4756273CC2F8001F203B /* lottieLoading.json in Resources */,
				39558C9F2728498A00523D43 /* LottieDone.json in Resources */,
				392B4746273A2F04001F203B /* lottieCongratulation.json in Resources */,
				39816076272D7AB40033930D /* layingCat.json in Resources */,
				395570FE27350188003AF098 /* lottieSuccess.json in Resources */,
				CEDC483327359CBA00E5A95C /* GoogleService-Info.plist in Resources */,
			);
			runOnlyForDeploymentPostprocessing = 0;
		};
/* End PBXResourcesBuildPhase section */

/* Begin PBXShellScriptBuildPhase section */
		1C9B41A4578B6B83111E4EC4 /* [CP] Check Pods Manifest.lock */ = {
			isa = PBXShellScriptBuildPhase;
			buildActionMask = 2147483647;
			files = (
			);
			inputFileListPaths = (
			);
			inputPaths = (
				"${PODS_PODFILE_DIR_PATH}/Podfile.lock",
				"${PODS_ROOT}/Manifest.lock",
			);
			name = "[CP] Check Pods Manifest.lock";
			outputFileListPaths = (
			);
			outputPaths = (
				"$(DERIVED_FILE_DIR)/Pods-toPether-checkManifestLockResult.txt",
			);
			runOnlyForDeploymentPostprocessing = 0;
			shellPath = /bin/sh;
			shellScript = "diff \"${PODS_PODFILE_DIR_PATH}/Podfile.lock\" \"${PODS_ROOT}/Manifest.lock\" > /dev/null\nif [ $? != 0 ] ; then\n    # print error to STDERR\n    echo \"error: The sandbox is not in sync with the Podfile.lock. Run 'pod install' or update your CocoaPods installation.\" >&2\n    exit 1\nfi\n# This output is used by Xcode 'outputs' to avoid re-running this script phase.\necho \"SUCCESS\" > \"${SCRIPT_OUTPUT_FILE_0}\"\n";
			showEnvVarsInLog = 0;
		};
		390778E1271D1FC300B4735B /* Run Script */ = {
			isa = PBXShellScriptBuildPhase;
			buildActionMask = 2147483647;
			files = (
			);
			inputFileListPaths = (
			);
			inputPaths = (
			);
			name = "Run Script";
			outputFileListPaths = (
			);
			outputPaths = (
			);
			runOnlyForDeploymentPostprocessing = 0;
			shellPath = /bin/sh;
			shellScript = "# Type a script or drag a script file from your workspace to insert its path.\n${PODS_ROOT}/SwiftLint/swiftlint\n";
		};
		5C13F179D6AAAB652C7590F5 /* [CP] Embed Pods Frameworks */ = {
			isa = PBXShellScriptBuildPhase;
			buildActionMask = 2147483647;
			files = (
			);
			inputFileListPaths = (
				"${PODS_ROOT}/Target Support Files/Pods-toPether/Pods-toPether-frameworks-${CONFIGURATION}-input-files.xcfilelist",
			);
			name = "[CP] Embed Pods Frameworks";
			outputFileListPaths = (
				"${PODS_ROOT}/Target Support Files/Pods-toPether/Pods-toPether-frameworks-${CONFIGURATION}-output-files.xcfilelist",
			);
			runOnlyForDeploymentPostprocessing = 0;
			shellPath = /bin/sh;
			shellScript = "\"${PODS_ROOT}/Target Support Files/Pods-toPether/Pods-toPether-frameworks.sh\"\n";
			showEnvVarsInLog = 0;
		};
/* End PBXShellScriptBuildPhase section */

/* Begin PBXSourcesBuildPhase section */
		39EDD198271D126800B4DAFA /* Sources */ = {
			isa = PBXSourcesBuildPhase;
			buildActionMask = 2147483647;
			files = (
				390791AC271ECF1E00B4735B /* IconButton.swift in Sources */,
				39816078272D8BCE0033930D /* FoodViewController.swift in Sources */,
				392B4750273BFCF7001F203B /* SettingButton.swift in Sources */,
				3917612D27292E90007FC7C1 /* MedicalViewController.swift in Sources */,
				392B4752273C07A2001F203B /* ShadowView.swift in Sources */,
				3917612F27294F43007FC7C1 /* MedicalTableViewCell.swift in Sources */,
				39709FE427326682001B29F3 /* TabBarViewController.swift in Sources */,
				39558C9D2727CED900523D43 /* GetInvitationViewController.swift in Sources */,
				3981607A272D97C60033930D /* BorderSearchBar.swift in Sources */,
				CEDC483B2736EF4C00E5A95C /* LeftMessageTableViewCell.swift in Sources */,
				3917613127298C28007FC7C1 /* BorderView.swift in Sources */,
				395FD01027215D18005911AA /* MemberModel.swift in Sources */,
				3955710227352BAB003AF098 /* MessageViewController.swift in Sources */,
				39EDD1A4271D126800B4DAFA /* HomeViewController.swift in Sources */,
				395FD00A272052D8005911AA /* MediumLabel.swift in Sources */,
				3907919F271DB6A600B4735B /* UIColorExtension.swift in Sources */,
				39C6669E27267F4F00400C84 /* UITextFieldExtension.swift in Sources */,
				39EDD1A0271D126800B4DAFA /* AppDelegate.swift in Sources */,
				392B4758273D5EB8001F203B /* Alert.swift in Sources */,
				39557100273514CD003AF098 /* CardView.swift in Sources */,
				394A771D2722FE6C00978254 /* AddPetViewController.swift in Sources */,
				CE8FEFB3272EE6BE00B47D38 /* CommonError.swift in Sources */,
				394A771B2722990B00978254 /* ArrayExtension.swift in Sources */,
				3981607E272D9C920033930D /* DotView.swift in Sources */,
				39709FE227325F28001B29F3 /* UIViewExtension.swift in Sources */,
				3960E6B027414E81003E05FE /* BlueBorderTextView.swift in Sources */,
				39816080272D9DA30033930D /* LineView.swift in Sources */,
				390791A6271E78F800B4735B /* PetModel.swift in Sources */,
				3907919A271DA7B100B4735B /* PetCollectionViewCell.swift in Sources */,
				39856C52273E59AA0071AE13 /* LottieWraper.swift in Sources */,
				390791AA271ECECA00B4735B /* CircleButton.swift in Sources */,
				3902C38327340BFB0088D04B /* ScanResultViewController.swift in Sources */,
				394A77212723067300978254 /* RoundButton.swift in Sources */,
				395D04AF27391B9D0013AF9A /* ToDoManager.swift in Sources */,
				3955710427353562003AF098 /* MessageTableViewCell.swift in Sources */,
				39709FE627328340001B29F3 /* EmptyUserViewController.swift in Sources */,
				395D04AD27390AB70013AF9A /* ToDoTableViewCell.swift in Sources */,
				394A77192721D65700978254 /* SplashViewController.swift in Sources */,
				390791B62720138200B4735B /* NoBorderTextField.swift in Sources */,
				392B474E273BE067001F203B /* SettingViewController.swift in Sources */,
				39856C56273E7FC90071AE13 /* IconLabelHorizontalStackView.swift in Sources */,
				395FD00E27214AB6005911AA /* RegularLabel.swift in Sources */,
				3907919D271DB56900B4735B /* UIFontExtension.swift in Sources */,
				392B4754273CB54B001F203B /* PrivacyPolicyViewController.swift in Sources */,
				395FD00C27213C3B005911AA /* RoundCornerImageView.swift in Sources */,
				39C666A02726B30100400C84 /* InviteViewController.swift in Sources */,
				390791A8271E8C9900B4735B /* DataStructure.swift in Sources */,
				39EDD1A2271D126800B4DAFA /* SceneDelegate.swift in Sources */,
				3988E26E272BE00600AACFD6 /* MedicalRecordViewController.swift in Sources */,
				390791B2271FFE4900B4735B /* NavigationBackgroundView.swift in Sources */,
				39856C54273E78F80071AE13 /* IconLabelVerticalStackView.swift in Sources */,
				394A771F272305B000978254 /* BlueBorderTextField.swift in Sources */,
				390791B0271FFB8900B4735B /* ProfileViewController.swift in Sources */,
				395FD0082720517A005911AA /* PetTableViewCell.swift in Sources */,
				390791AE271F008B00B4735B /* UIImageExtension.swift in Sources */,
				392B474C273A9FC1001F203B /* DictionaryExtension.swift in Sources */,
				3981607C272D9ACB0033930D /* FoodTableViewCell.swift in Sources */,
				392B474A273A5B9A001F203B /* ToDoRecordViewController.swift in Sources */,
				39816073272D403B0033930D /* ToDoViewController.swift in Sources */,
				392B4748273A4CE8001F203B /* DateExtension.swift in Sources */,
				CEDC48382736EF3F00E5A95C /* RightMessageTableViewCell.swift in Sources */,
				390791A3271E66E500B4735B /* BorderButton.swift in Sources */,
				39709FE8273293B0001B29F3 /* EmptyPetViewController.swift in Sources */,
				39840D2F272E9A19004BA4A2 /* FoodRecordViewController.swift in Sources */,
			);
			runOnlyForDeploymentPostprocessing = 0;
		};
/* End PBXSourcesBuildPhase section */

/* Begin PBXVariantGroup section */
		39EDD1A5271D126800B4DAFA /* Main.storyboard */ = {
			isa = PBXVariantGroup;
			children = (
				39EDD1A6271D126800B4DAFA /* Base */,
			);
			name = Main.storyboard;
			sourceTree = "<group>";
		};
		39EDD1AA271D126E00B4DAFA /* LaunchScreen.storyboard */ = {
			isa = PBXVariantGroup;
			children = (
				39EDD1AB271D126E00B4DAFA /* Base */,
			);
			name = LaunchScreen.storyboard;
			sourceTree = "<group>";
		};
/* End PBXVariantGroup section */

/* Begin XCBuildConfiguration section */
		39EDD1AE271D126E00B4DAFA /* Debug */ = {
			isa = XCBuildConfiguration;
			buildSettings = {
				ALWAYS_SEARCH_USER_PATHS = NO;
				CLANG_ANALYZER_NONNULL = YES;
				CLANG_ANALYZER_NUMBER_OBJECT_CONVERSION = YES_AGGRESSIVE;
				CLANG_CXX_LANGUAGE_STANDARD = "gnu++17";
				CLANG_CXX_LIBRARY = "libc++";
				CLANG_ENABLE_MODULES = YES;
				CLANG_ENABLE_OBJC_ARC = YES;
				CLANG_ENABLE_OBJC_WEAK = YES;
				CLANG_WARN_BLOCK_CAPTURE_AUTORELEASING = YES;
				CLANG_WARN_BOOL_CONVERSION = YES;
				CLANG_WARN_COMMA = YES;
				CLANG_WARN_CONSTANT_CONVERSION = YES;
				CLANG_WARN_DEPRECATED_OBJC_IMPLEMENTATIONS = YES;
				CLANG_WARN_DIRECT_OBJC_ISA_USAGE = YES_ERROR;
				CLANG_WARN_DOCUMENTATION_COMMENTS = YES;
				CLANG_WARN_EMPTY_BODY = YES;
				CLANG_WARN_ENUM_CONVERSION = YES;
				CLANG_WARN_INFINITE_RECURSION = YES;
				CLANG_WARN_INT_CONVERSION = YES;
				CLANG_WARN_NON_LITERAL_NULL_CONVERSION = YES;
				CLANG_WARN_OBJC_IMPLICIT_RETAIN_SELF = YES;
				CLANG_WARN_OBJC_LITERAL_CONVERSION = YES;
				CLANG_WARN_OBJC_ROOT_CLASS = YES_ERROR;
				CLANG_WARN_QUOTED_INCLUDE_IN_FRAMEWORK_HEADER = YES;
				CLANG_WARN_RANGE_LOOP_ANALYSIS = YES;
				CLANG_WARN_STRICT_PROTOTYPES = YES;
				CLANG_WARN_SUSPICIOUS_MOVE = YES;
				CLANG_WARN_UNGUARDED_AVAILABILITY = YES_AGGRESSIVE;
				CLANG_WARN_UNREACHABLE_CODE = YES;
				CLANG_WARN__DUPLICATE_METHOD_MATCH = YES;
				COPY_PHASE_STRIP = NO;
				DEBUG_INFORMATION_FORMAT = dwarf;
				ENABLE_STRICT_OBJC_MSGSEND = YES;
				ENABLE_TESTABILITY = YES;
				GCC_C_LANGUAGE_STANDARD = gnu11;
				GCC_DYNAMIC_NO_PIC = NO;
				GCC_NO_COMMON_BLOCKS = YES;
				GCC_OPTIMIZATION_LEVEL = 0;
				GCC_PREPROCESSOR_DEFINITIONS = (
					"DEBUG=1",
					"$(inherited)",
				);
				GCC_WARN_64_TO_32_BIT_CONVERSION = YES;
				GCC_WARN_ABOUT_RETURN_TYPE = YES_ERROR;
				GCC_WARN_UNDECLARED_SELECTOR = YES;
				GCC_WARN_UNINITIALIZED_AUTOS = YES_AGGRESSIVE;
				GCC_WARN_UNUSED_FUNCTION = YES;
				GCC_WARN_UNUSED_VARIABLE = YES;
				IPHONEOS_DEPLOYMENT_TARGET = 14.0;
				MTL_ENABLE_DEBUG_INFO = INCLUDE_SOURCE;
				MTL_FAST_MATH = YES;
				ONLY_ACTIVE_ARCH = YES;
				SDKROOT = iphoneos;
				SWIFT_ACTIVE_COMPILATION_CONDITIONS = DEBUG;
				SWIFT_OPTIMIZATION_LEVEL = "-Onone";
			};
			name = Debug;
		};
		39EDD1AF271D126E00B4DAFA /* Release */ = {
			isa = XCBuildConfiguration;
			buildSettings = {
				ALWAYS_SEARCH_USER_PATHS = NO;
				CLANG_ANALYZER_NONNULL = YES;
				CLANG_ANALYZER_NUMBER_OBJECT_CONVERSION = YES_AGGRESSIVE;
				CLANG_CXX_LANGUAGE_STANDARD = "gnu++17";
				CLANG_CXX_LIBRARY = "libc++";
				CLANG_ENABLE_MODULES = YES;
				CLANG_ENABLE_OBJC_ARC = YES;
				CLANG_ENABLE_OBJC_WEAK = YES;
				CLANG_WARN_BLOCK_CAPTURE_AUTORELEASING = YES;
				CLANG_WARN_BOOL_CONVERSION = YES;
				CLANG_WARN_COMMA = YES;
				CLANG_WARN_CONSTANT_CONVERSION = YES;
				CLANG_WARN_DEPRECATED_OBJC_IMPLEMENTATIONS = YES;
				CLANG_WARN_DIRECT_OBJC_ISA_USAGE = YES_ERROR;
				CLANG_WARN_DOCUMENTATION_COMMENTS = YES;
				CLANG_WARN_EMPTY_BODY = YES;
				CLANG_WARN_ENUM_CONVERSION = YES;
				CLANG_WARN_INFINITE_RECURSION = YES;
				CLANG_WARN_INT_CONVERSION = YES;
				CLANG_WARN_NON_LITERAL_NULL_CONVERSION = YES;
				CLANG_WARN_OBJC_IMPLICIT_RETAIN_SELF = YES;
				CLANG_WARN_OBJC_LITERAL_CONVERSION = YES;
				CLANG_WARN_OBJC_ROOT_CLASS = YES_ERROR;
				CLANG_WARN_QUOTED_INCLUDE_IN_FRAMEWORK_HEADER = YES;
				CLANG_WARN_RANGE_LOOP_ANALYSIS = YES;
				CLANG_WARN_STRICT_PROTOTYPES = YES;
				CLANG_WARN_SUSPICIOUS_MOVE = YES;
				CLANG_WARN_UNGUARDED_AVAILABILITY = YES_AGGRESSIVE;
				CLANG_WARN_UNREACHABLE_CODE = YES;
				CLANG_WARN__DUPLICATE_METHOD_MATCH = YES;
				COPY_PHASE_STRIP = NO;
				DEBUG_INFORMATION_FORMAT = "dwarf-with-dsym";
				ENABLE_NS_ASSERTIONS = NO;
				ENABLE_STRICT_OBJC_MSGSEND = YES;
				GCC_C_LANGUAGE_STANDARD = gnu11;
				GCC_NO_COMMON_BLOCKS = YES;
				GCC_WARN_64_TO_32_BIT_CONVERSION = YES;
				GCC_WARN_ABOUT_RETURN_TYPE = YES_ERROR;
				GCC_WARN_UNDECLARED_SELECTOR = YES;
				GCC_WARN_UNINITIALIZED_AUTOS = YES_AGGRESSIVE;
				GCC_WARN_UNUSED_FUNCTION = YES;
				GCC_WARN_UNUSED_VARIABLE = YES;
				IPHONEOS_DEPLOYMENT_TARGET = 14.0;
				MTL_ENABLE_DEBUG_INFO = NO;
				MTL_FAST_MATH = YES;
				SDKROOT = iphoneos;
				SWIFT_COMPILATION_MODE = wholemodule;
				SWIFT_OPTIMIZATION_LEVEL = "-O";
				VALIDATE_PRODUCT = YES;
			};
			name = Release;
		};
		39EDD1B1271D126E00B4DAFA /* Debug */ = {
			isa = XCBuildConfiguration;
			baseConfigurationReference = 076CC5441B53CD574C0E3B0A /* Pods-toPether.debug.xcconfig */;
			buildSettings = {
				ASSETCATALOG_COMPILER_APPICON_NAME = AppIcon;
				ASSETCATALOG_COMPILER_GLOBAL_ACCENT_COLOR_NAME = AccentColor;
				CODE_SIGN_ENTITLEMENTS = toPether/toPether.entitlements;
				CODE_SIGN_STYLE = Automatic;
				CURRENT_PROJECT_VERSION = 1;
				DEVELOPMENT_TEAM = H9XHH8AA7H;
				FRAMEWORK_SEARCH_PATHS = (
					"$(inherited)",
					"$(PROJECT_DIR)/Pods/FirebaseAnalytics/Frameworks",
					"$(PROJECT_DIR)/Pods/GoogleAppMeasurement/Frameworks",
				);
				GENERATE_INFOPLIST_FILE = YES;
				INFOPLIST_FILE = toPether/Info.plist;
				INFOPLIST_KEY_NSCameraUsageDescription = "This app uses the camera to scan member's QRcode";
				INFOPLIST_KEY_UIApplicationSupportsIndirectInputEvents = YES;
				INFOPLIST_KEY_UILaunchStoryboardName = LaunchScreen;
				INFOPLIST_KEY_UIMainStoryboardFile = Main;
				INFOPLIST_KEY_UISupportedInterfaceOrientations_iPad = "UIInterfaceOrientationPortrait UIInterfaceOrientationPortraitUpsideDown";
				INFOPLIST_KEY_UISupportedInterfaceOrientations_iPhone = UIInterfaceOrientationPortrait;
				INFOPLIST_KEY_UIUserInterfaceStyle = Light;
				LD_RUNPATH_SEARCH_PATHS = (
					"$(inherited)",
					"@executable_path/Frameworks",
				);
				MARKETING_VERSION = 0.3.0;
				PRODUCT_BUNDLE_IDENTIFIER = dolores.toPether;
				PRODUCT_NAME = "$(TARGET_NAME)";
				SWIFT_EMIT_LOC_STRINGS = YES;
				SWIFT_VERSION = 5.0;
				TARGETED_DEVICE_FAMILY = "1,2";
			};
			name = Debug;
		};
		39EDD1B2271D126E00B4DAFA /* Release */ = {
			isa = XCBuildConfiguration;
			baseConfigurationReference = 86B032B6F1632538B00A3A4C /* Pods-toPether.release.xcconfig */;
			buildSettings = {
				ASSETCATALOG_COMPILER_APPICON_NAME = AppIcon;
				ASSETCATALOG_COMPILER_GLOBAL_ACCENT_COLOR_NAME = AccentColor;
				CODE_SIGN_ENTITLEMENTS = toPether/toPether.entitlements;
				CODE_SIGN_STYLE = Automatic;
				CURRENT_PROJECT_VERSION = 1;
				DEVELOPMENT_TEAM = H9XHH8AA7H;
				FRAMEWORK_SEARCH_PATHS = (
					"$(inherited)",
					"$(PROJECT_DIR)/Pods/FirebaseAnalytics/Frameworks",
					"$(PROJECT_DIR)/Pods/GoogleAppMeasurement/Frameworks",
				);
				GENERATE_INFOPLIST_FILE = YES;
				INFOPLIST_FILE = toPether/Info.plist;
				INFOPLIST_KEY_NSCameraUsageDescription = "This app uses the camera to scan member's QRcode";
				INFOPLIST_KEY_UIApplicationSupportsIndirectInputEvents = YES;
				INFOPLIST_KEY_UILaunchStoryboardName = LaunchScreen;
				INFOPLIST_KEY_UIMainStoryboardFile = Main;
				INFOPLIST_KEY_UISupportedInterfaceOrientations_iPad = "UIInterfaceOrientationPortrait UIInterfaceOrientationPortraitUpsideDown";
				INFOPLIST_KEY_UISupportedInterfaceOrientations_iPhone = UIInterfaceOrientationPortrait;
				INFOPLIST_KEY_UIUserInterfaceStyle = Light;
				LD_RUNPATH_SEARCH_PATHS = (
					"$(inherited)",
					"@executable_path/Frameworks",
				);
				MARKETING_VERSION = 0.3.0;
				PRODUCT_BUNDLE_IDENTIFIER = dolores.toPether;
				PRODUCT_NAME = "$(TARGET_NAME)";
				SWIFT_EMIT_LOC_STRINGS = YES;
				SWIFT_VERSION = 5.0;
				TARGETED_DEVICE_FAMILY = "1,2";
			};
			name = Release;
		};
/* End XCBuildConfiguration section */

/* Begin XCConfigurationList section */
		39EDD197271D126800B4DAFA /* Build configuration list for PBXProject "toPether" */ = {
			isa = XCConfigurationList;
			buildConfigurations = (
				39EDD1AE271D126E00B4DAFA /* Debug */,
				39EDD1AF271D126E00B4DAFA /* Release */,
			);
			defaultConfigurationIsVisible = 0;
			defaultConfigurationName = Release;
		};
		39EDD1B0271D126E00B4DAFA /* Build configuration list for PBXNativeTarget "toPether" */ = {
			isa = XCConfigurationList;
			buildConfigurations = (
				39EDD1B1271D126E00B4DAFA /* Debug */,
				39EDD1B2271D126E00B4DAFA /* Release */,
			);
			defaultConfigurationIsVisible = 0;
			defaultConfigurationName = Release;
		};
/* End XCConfigurationList section */
	};
	rootObject = 39EDD194271D126800B4DAFA /* Project object */;
}
